
Microsoft Visual Studio Solution File, Format Version 12.00
# Visual Studio Version 16
VisualStudioVersion = 25.0.1706.9
MinimumVisualStudioVersion = 10.0.40219.1
Project("{FAE04EC0-301F-11D3-BF4B-00C04F79EFBC}") = "SwatiWEBAPP", "SwatiWEBAPP\SwatiWEBAPP.csproj", "{12816BC9-0E0F-4A6C-BB3D-605FB5419C0F}"
EndProject
Global
	GlobalSection(SolutionConfigurationPlatforms) = preSolution
		Debug|Any CPU = Debug|Any CPU
		Release|Any CPU = Release|Any CPU
	EndGlobalSection
	GlobalSection(ProjectConfigurationPlatforms) = postSolution
		{12816BC9-0E0F-4A6C-BB3D-605FB5419C0F}.Debug|Any CPU.ActiveCfg = Debug|Any CPU
		{12816BC9-0E0F-4A6C-BB3D-605FB5419C0F}.Debug|Any CPU.Build.0 = Debug|Any CPU
		{12816BC9-0E0F-4A6C-BB3D-605FB5419C0F}.Release|Any CPU.ActiveCfg = Release|Any CPU
		{12816BC9-0E0F-4A6C-BB3D-605FB5419C0F}.Release|Any CPU.Build.0 = Release|Any CPU
	EndGlobalSection
	GlobalSection(SolutionProperties) = preSolution
		HideSolutionNode = FALSE
	EndGlobalSection
	GlobalSection(ExtensibilityGlobals) = postSolution
		SolutionGuid = {7CF9279B-16E4-4E5E-A486-0C27D19DFD08}
	EndGlobalSection
EndGlobal
